{
  "name": "Red Social",
  "lockfileVersion": 2,
  "requires": true,
  "packages": {
    "": {
      "dependencies": {
        "@iconify/json": "^1.1.460"
      }
    },
    "node_modules/@iconify/json": {
      "version": "1.1.460",
      "resolved": "https://registry.npmjs.org/@iconify/json/-/json-1.1.460.tgz",
      "integrity": "sha512-iPIJceykY8fmp7kjZGt6iWcicRKNFgeqYmsdXKnI7QmI+M/tuMOxn9qGV35RMFaB9ZOYGbQ90X3TM3hB9lX+ZA=="
    }
  },
  "dependencies": {
    "@iconify/json": {
      "version": "1.1.460",
      "resolved": "https://registry.npmjs.org/@iconify/json/-/json-1.1.460.tgz",
      "integrity": "sha512-iPIJceykY8fmp7kjZGt6iWcicRKNFgeqYmsdXKnI7QmI+M/tuMOxn9qGV35RMFaB9ZOYGbQ90X3TM3hB9lX+ZA=="
    }
  }
}
